
Microsoft Visual Studio Solution File, Format Version 12.00
# Visual Studio Version 16
VisualStudioVersion = 16.0.29503.13
MinimumVisualStudioVersion = 10.0.40219.1
Project("{9A19103F-16F7-4668-BE54-9A1E7A4F7556}") = "DeferredEvents", "DeferredEvents\DeferredEvents.csproj", "{77963348-CCB2-498E-BC43-0DCD2701D92C}"
EndProject
Project("{FAE04EC0-301F-11D3-BF4B-00C04F79EFBC}") = "DeferredEventsTests", "DeferredEventsTests\DeferredEventsTests.csproj", "{2B0FB6EA-420C-4736-9C4D-A91B86BFF6FF}"
EndProject
Global
	GlobalSection(SolutionConfigurationPlatforms) = preSolution
		Debug|Any CPU = Debug|Any CPU
		Release|Any CPU = Release|Any CPU
	EndGlobalSection
	GlobalSection(ProjectConfigurationPlatforms) = postSolution
		{77963348-CCB2-498E-BC43-0DCD2701D92C}.Debug|Any CPU.ActiveCfg = Debug|Any CPU
		{77963348-CCB2-498E-BC43-0DCD2701D92C}.Debug|Any CPU.Build.0 = Debug|Any CPU
		{77963348-CCB2-498E-BC43-0DCD2701D92C}.Release|Any CPU.ActiveCfg = Release|Any CPU
		{77963348-CCB2-498E-BC43-0DCD2701D92C}.Release|Any CPU.Build.0 = Release|Any CPU
		{2B0FB6EA-420C-4736-9C4D-A91B86BFF6FF}.Debug|Any CPU.ActiveCfg = Debug|Any CPU
		{2B0FB6EA-420C-4736-9C4D-A91B86BFF6FF}.Debug|Any CPU.Build.0 = Debug|Any CPU
		{2B0FB6EA-420C-4736-9C4D-A91B86BFF6FF}.Release|Any CPU.ActiveCfg = Release|Any CPU
		{2B0FB6EA-420C-4736-9C4D-A91B86BFF6FF}.Release|Any CPU.Build.0 = Release|Any CPU
	EndGlobalSection
	GlobalSection(SolutionProperties) = preSolution
		HideSolutionNode = FALSE
	EndGlobalSection
	GlobalSection(ExtensibilityGlobals) = postSolution
		SolutionGuid = {73338C86-1819-4529-AD3A-720122D83B9D}
	EndGlobalSection
EndGlobal
